
Microsoft Visual Studio Solution File, Format Version 12.00
# Visual Studio Version 17
VisualStudioVersion = 17.0.31614.25
MinimumVisualStudioVersion = 10.0.40219.1
Project("{9A19103F-16F7-4668-BE54-9A1E7A4F7556}") = "WpfNet6", "WpfNet6\WpfNet6.csproj", "{51569506-8305-427B-B37A-5D5293D0A8F0}"
EndProject
Project("{FAE04EC0-301F-11D3-BF4B-00C04F79EFBC}") = "WpfNetFx48", "WpfNetFx\WpfNetFx48.csproj", "{167F28FE-2BC3-4E8F-80C6-3D06C674E9D5}"
EndProject
Project("{2150E333-8FDC-42A3-9474-1A3956D46DE8}") = "MAUI", "MAUI", "{661D5A12-87BA-4070-93B4-CEA82E482A0D}"
EndProject
Project("{2150E333-8FDC-42A3-9474-1A3956D46DE8}") = "WinUI", "WinUI", "{1B2A2EC8-A5C8-43A0-960C-9F2C730AE8FB}"
EndProject
Project("{2150E333-8FDC-42A3-9474-1A3956D46DE8}") = "WPF", "WPF", "{10FB931C-8117-4353-A67C-E30E99015A57}"
EndProject
Project("{9A19103F-16F7-4668-BE54-9A1E7A4F7556}") = "WinUI3", "WinUI3\WinUI3.csproj", "{59C4288A-3338-4824-ADD7-2DD3B37B0FE2}"
EndProject
Project("{9A19103F-16F7-4668-BE54-9A1E7A4F7556}") = "MauiTest", "MauiTest\MauiTest.csproj", "{62D10304-DDA2-4C8A-9AB3-B33680511E38}"
EndProject
Project("{2150E333-8FDC-42A3-9474-1A3956D46DE8}") = "UWP", "UWP", "{57F0CD34-AF3B-4A76-B7A8-A03ECD781943}"
EndProject
Project("{FAE04EC0-301F-11D3-BF4B-00C04F79EFBC}") = "UwpApp", "UwpApp\UwpApp.csproj", "{8E413C5B-6D0B-4161-9B6A-4C09D1373955}"
EndProject
Project("{2150E333-8FDC-42A3-9474-1A3956D46DE8}") = "WinForms", "WinForms", "{F68B6131-70E9-42AD-8477-FCF17A75E560}"
EndProject
Project("{FAE04EC0-301F-11D3-BF4B-00C04F79EFBC}") = "WinFormsApp", "WinFormsApp\WinFormsApp.csproj", "{CDE76468-13C1-45B9-A5CC-03875794075C}"
EndProject
Global
	GlobalSection(SolutionConfigurationPlatforms) = preSolution
		Debug|Any CPU = Debug|Any CPU
		Debug|x64 = Debug|x64
		Debug|x86 = Debug|x86
		Release|Any CPU = Release|Any CPU
		Release|x64 = Release|x64
		Release|x86 = Release|x86
	EndGlobalSection
	GlobalSection(ProjectConfigurationPlatforms) = postSolution
		{51569506-8305-427B-B37A-5D5293D0A8F0}.Debug|Any CPU.ActiveCfg = Debug|Any CPU
		{51569506-8305-427B-B37A-5D5293D0A8F0}.Debug|Any CPU.Build.0 = Debug|Any CPU
		{51569506-8305-427B-B37A-5D5293D0A8F0}.Debug|x64.ActiveCfg = Debug|Any CPU
		{51569506-8305-427B-B37A-5D5293D0A8F0}.Debug|x64.Build.0 = Debug|Any CPU
		{51569506-8305-427B-B37A-5D5293D0A8F0}.Debug|x86.ActiveCfg = Debug|Any CPU
		{51569506-8305-427B-B37A-5D5293D0A8F0}.Debug|x86.Build.0 = Debug|Any CPU
		{51569506-8305-427B-B37A-5D5293D0A8F0}.Release|Any CPU.ActiveCfg = Release|Any CPU
		{51569506-8305-427B-B37A-5D5293D0A8F0}.Release|Any CPU.Build.0 = Release|Any CPU
		{51569506-8305-427B-B37A-5D5293D0A8F0}.Release|x64.ActiveCfg = Release|Any CPU
		{51569506-8305-427B-B37A-5D5293D0A8F0}.Release|x64.Build.0 = Release|Any CPU
		{51569506-8305-427B-B37A-5D5293D0A8F0}.Release|x86.ActiveCfg = Release|Any CPU
		{51569506-8305-427B-B37A-5D5293D0A8F0}.Release|x86.Build.0 = Release|Any CPU
		{167F28FE-2BC3-4E8F-80C6-3D06C674E9D5}.Debug|Any CPU.ActiveCfg = Debug|Any CPU
		{167F28FE-2BC3-4E8F-80C6-3D06C674E9D5}.Debug|Any CPU.Build.0 = Debug|Any CPU
		{167F28FE-2BC3-4E8F-80C6-3D06C674E9D5}.Debug|x64.ActiveCfg = Debug|Any CPU
		{167F28FE-2BC3-4E8F-80C6-3D06C674E9D5}.Debug|x64.Build.0 = Debug|Any CPU
		{167F28FE-2BC3-4E8F-80C6-3D06C674E9D5}.Debug|x86.ActiveCfg = Debug|Any CPU
		{167F28FE-2BC3-4E8F-80C6-3D06C674E9D5}.Debug|x86.Build.0 = Debug|Any CPU
		{167F28FE-2BC3-4E8F-80C6-3D06C674E9D5}.Release|Any CPU.ActiveCfg = Release|Any CPU
		{167F28FE-2BC3-4E8F-80C6-3D06C674E9D5}.Release|Any CPU.Build.0 = Release|Any CPU
		{167F28FE-2BC3-4E8F-80C6-3D06C674E9D5}.Release|x64.ActiveCfg = Release|Any CPU
		{167F28FE-2BC3-4E8F-80C6-3D06C674E9D5}.Release|x64.Build.0 = Release|Any CPU
		{167F28FE-2BC3-4E8F-80C6-3D06C674E9D5}.Release|x86.ActiveCfg = Release|Any CPU
		{167F28FE-2BC3-4E8F-80C6-3D06C674E9D5}.Release|x86.Build.0 = Release|Any CPU
		{59C4288A-3338-4824-ADD7-2DD3B37B0FE2}.Debug|Any CPU.ActiveCfg = Debug|x64
		{59C4288A-3338-4824-ADD7-2DD3B37B0FE2}.Debug|Any CPU.Build.0 = Debug|x64
		{59C4288A-3338-4824-ADD7-2DD3B37B0FE2}.Debug|Any CPU.Deploy.0 = Debug|x64
		{59C4288A-3338-4824-ADD7-2DD3B37B0FE2}.Debug|x64.ActiveCfg = Debug|x64
		{59C4288A-3338-4824-ADD7-2DD3B37B0FE2}.Debug|x64.Build.0 = Debug|x64
		{59C4288A-3338-4824-ADD7-2DD3B37B0FE2}.Debug|x64.Deploy.0 = Debug|x64
		{59C4288A-3338-4824-ADD7-2DD3B37B0FE2}.Debug|x86.ActiveCfg = Debug|x86
		{59C4288A-3338-4824-ADD7-2DD3B37B0FE2}.Debug|x86.Build.0 = Debug|x86
		{59C4288A-3338-4824-ADD7-2DD3B37B0FE2}.Debug|x86.Deploy.0 = Debug|x86
		{59C4288A-3338-4824-ADD7-2DD3B37B0FE2}.Release|Any CPU.ActiveCfg = Release|x64
		{59C4288A-3338-4824-ADD7-2DD3B37B0FE2}.Release|Any CPU.Build.0 = Release|x64
		{59C4288A-3338-4824-ADD7-2DD3B37B0FE2}.Release|Any CPU.Deploy.0 = Release|x64
		{59C4288A-3338-4824-ADD7-2DD3B37B0FE2}.Release|x64.ActiveCfg = Release|x64
		{59C4288A-3338-4824-ADD7-2DD3B37B0FE2}.Release|x64.Build.0 = Release|x64
		{59C4288A-3338-4824-ADD7-2DD3B37B0FE2}.Release|x64.Deploy.0 = Release|x64
		{59C4288A-3338-4824-ADD7-2DD3B37B0FE2}.Release|x86.ActiveCfg = Release|x86
		{59C4288A-3338-4824-ADD7-2DD3B37B0FE2}.Release|x86.Build.0 = Release|x86
		{59C4288A-3338-4824-ADD7-2DD3B37B0FE2}.Release|x86.Deploy.0 = Release|x86
		{62D10304-DDA2-4C8A-9AB3-B33680511E38}.Debug|Any CPU.ActiveCfg = Debug|Any CPU
		{62D10304-DDA2-4C8A-9AB3-B33680511E38}.Debug|Any CPU.Build.0 = Debug|Any CPU
		{62D10304-DDA2-4C8A-9AB3-B33680511E38}.Debug|Any CPU.Deploy.0 = Debug|Any CPU
		{62D10304-DDA2-4C8A-9AB3-B33680511E38}.Debug|x64.ActiveCfg = Debug|Any CPU
		{62D10304-DDA2-4C8A-9AB3-B33680511E38}.Debug|x64.Build.0 = Debug|Any CPU
		{62D10304-DDA2-4C8A-9AB3-B33680511E38}.Debug|x64.Deploy.0 = Debug|Any CPU
		{62D10304-DDA2-4C8A-9AB3-B33680511E38}.Debug|x86.ActiveCfg = Debug|Any CPU
		{62D10304-DDA2-4C8A-9AB3-B33680511E38}.Debug|x86.Build.0 = Debug|Any CPU
		{62D10304-DDA2-4C8A-9AB3-B33680511E38}.Debug|x86.Deploy.0 = Debug|Any CPU
		{62D10304-DDA2-4C8A-9AB3-B33680511E38}.Release|Any CPU.ActiveCfg = Release|Any CPU
		{62D10304-DDA2-4C8A-9AB3-B33680511E38}.Release|Any CPU.Build.0 = Release|Any CPU
		{62D10304-DDA2-4C8A-9AB3-B33680511E38}.Release|Any CPU.Deploy.0 = Release|Any CPU
		{62D10304-DDA2-4C8A-9AB3-B33680511E38}.Release|x64.ActiveCfg = Release|Any CPU
		{62D10304-DDA2-4C8A-9AB3-B33680511E38}.Release|x64.Build.0 = Release|Any CPU
		{62D10304-DDA2-4C8A-9AB3-B33680511E38}.Release|x64.Deploy.0 = Release|Any CPU
		{62D10304-DDA2-4C8A-9AB3-B33680511E38}.Release|x86.ActiveCfg = Release|Any CPU
		{62D10304-DDA2-4C8A-9AB3-B33680511E38}.Release|x86.Build.0 = Release|Any CPU
		{62D10304-DDA2-4C8A-9AB3-B33680511E38}.Release|x86.Deploy.0 = Release|Any CPU
		{8E413C5B-6D0B-4161-9B6A-4C09D1373955}.Debug|Any CPU.ActiveCfg = Debug|x64
		{8E413C5B-6D0B-4161-9B6A-4C09D1373955}.Debug|Any CPU.Build.0 = Debug|x64
		{8E413C5B-6D0B-4161-9B6A-4C09D1373955}.Debug|Any CPU.Deploy.0 = Debug|x64
		{8E413C5B-6D0B-4161-9B6A-4C09D1373955}.Debug|x64.ActiveCfg = Debug|x64
		{8E413C5B-6D0B-4161-9B6A-4C09D1373955}.Debug|x64.Build.0 = Debug|x64
		{8E413C5B-6D0B-4161-9B6A-4C09D1373955}.Debug|x64.Deploy.0 = Debug|x64
		{8E413C5B-6D0B-4161-9B6A-4C09D1373955}.Debug|x86.ActiveCfg = Debug|x86
		{8E413C5B-6D0B-4161-9B6A-4C09D1373955}.Debug|x86.Build.0 = Debug|x86
		{8E413C5B-6D0B-4161-9B6A-4C09D1373955}.Debug|x86.Deploy.0 = Debug|x86
		{8E413C5B-6D0B-4161-9B6A-4C09D1373955}.Release|Any CPU.ActiveCfg = Release|x64
		{8E413C5B-6D0B-4161-9B6A-4C09D1373955}.Release|Any CPU.Build.0 = Release|x64
		{8E413C5B-6D0B-4161-9B6A-4C09D1373955}.Release|Any CPU.Deploy.0 = Release|x64
		{8E413C5B-6D0B-4161-9B6A-4C09D1373955}.Release|x64.ActiveCfg = Release|x64
		{8E413C5B-6D0B-4161-9B6A-4C09D1373955}.Release|x64.Build.0 = Release|x64
		{8E413C5B-6D0B-4161-9B6A-4C09D1373955}.Release|x64.Deploy.0 = Release|x64
		{8E413C5B-6D0B-4161-9B6A-4C09D1373955}.Release|x86.ActiveCfg = Release|x86
		{8E413C5B-6D0B-4161-9B6A-4C09D1373955}.Release|x86.Build.0 = Release|x86
		{8E413C5B-6D0B-4161-9B6A-4C09D1373955}.Release|x86.Deploy.0 = Release|x86
		{CDE76468-13C1-45B9-A5CC-03875794075C}.Debug|Any CPU.ActiveCfg = Debug|Any CPU
		{CDE76468-13C1-45B9-A5CC-03875794075C}.Debug|Any CPU.Build.0 = Debug|Any CPU
		{CDE76468-13C1-45B9-A5CC-03875794075C}.Debug|x64.ActiveCfg = Debug|Any CPU
		{CDE76468-13C1-45B9-A5CC-03875794075C}.Debug|x64.Build.0 = Debug|Any CPU
		{CDE76468-13C1-45B9-A5CC-03875794075C}.Debug|x86.ActiveCfg = Debug|Any CPU
		{CDE76468-13C1-45B9-A5CC-03875794075C}.Debug|x86.Build.0 = Debug|Any CPU
		{CDE76468-13C1-45B9-A5CC-03875794075C}.Release|Any CPU.ActiveCfg = Release|Any CPU
		{CDE76468-13C1-45B9-A5CC-03875794075C}.Release|Any CPU.Build.0 = Release|Any CPU
		{CDE76468-13C1-45B9-A5CC-03875794075C}.Release|x64.ActiveCfg = Release|Any CPU
		{CDE76468-13C1-45B9-A5CC-03875794075C}.Release|x64.Build.0 = Release|Any CPU
		{CDE76468-13C1-45B9-A5CC-03875794075C}.Release|x86.ActiveCfg = Release|Any CPU
		{CDE76468-13C1-45B9-A5CC-03875794075C}.Release|x86.Build.0 = Release|Any CPU
	EndGlobalSection
	GlobalSection(SolutionProperties) = preSolution
		HideSolutionNode = FALSE
	EndGlobalSection
	GlobalSection(NestedProjects) = preSolution
		{51569506-8305-427B-B37A-5D5293D0A8F0} = {10FB931C-8117-4353-A67C-E30E99015A57}
		{167F28FE-2BC3-4E8F-80C6-3D06C674E9D5} = {10FB931C-8117-4353-A67C-E30E99015A57}
		{59C4288A-3338-4824-ADD7-2DD3B37B0FE2} = {1B2A2EC8-A5C8-43A0-960C-9F2C730AE8FB}
		{62D10304-DDA2-4C8A-9AB3-B33680511E38} = {661D5A12-87BA-4070-93B4-CEA82E482A0D}
		{8E413C5B-6D0B-4161-9B6A-4C09D1373955} = {57F0CD34-AF3B-4A76-B7A8-A03ECD781943}
		{CDE76468-13C1-45B9-A5CC-03875794075C} = {F68B6131-70E9-42AD-8477-FCF17A75E560}
	EndGlobalSection
	GlobalSection(ExtensibilityGlobals) = postSolution
		SolutionGuid = {726A52D9-9E3D-4118-99AF-E6901C327842}
	EndGlobalSection
EndGlobal
