
Microsoft Visual Studio Solution File, Format Version 12.00
# Visual Studio Version 17
VisualStudioVersion = 17.0.31614.25
MinimumVisualStudioVersion = 10.0.40219.1
Project("{9A19103F-16F7-4668-BE54-9A1E7A4F7556}") = "WpfNet6", "WpfNet6\WpfNet6.csproj", "{51569506-8305-427B-B37A-5D5293D0A8F0}"
EndProject
Project("{FAE04EC0-301F-11D3-BF4B-00C04F79EFBC}") = "WpfNetFx48", "WpfNetFx\WpfNetFx48.csproj", "{167F28FE-2BC3-4E8F-80C6-3D06C674E9D5}"
EndProject
Project("{9A19103F-16F7-4668-BE54-9A1E7A4F7556}") = "MauiApp", "MauiApp\MauiApp\MauiApp.csproj", "{D1D37F1B-6A95-457F-A6EC-8980C4A91D0B}"
EndProject
Project("{9A19103F-16F7-4668-BE54-9A1E7A4F7556}") = "MauiApp.WinUI", "MauiApp\MauiApp.WinUI\MauiApp.WinUI.csproj", "{9A9EE5C1-E20D-4AFF-A7EA-16CEBA85E33B}"
EndProject
Project("{2150E333-8FDC-42A3-9474-1A3956D46DE8}") = "MAUI", "MAUI", "{661D5A12-87BA-4070-93B4-CEA82E482A0D}"
EndProject
Project("{2150E333-8FDC-42A3-9474-1A3956D46DE8}") = "WinUI", "WinUI", "{1B2A2EC8-A5C8-43A0-960C-9F2C730AE8FB}"
EndProject
Project("{2150E333-8FDC-42A3-9474-1A3956D46DE8}") = "WPF", "WPF", "{10FB931C-8117-4353-A67C-E30E99015A57}"
EndProject
Project("{FAE04EC0-301F-11D3-BF4B-00C04F79EFBC}") = "WinUWP", "WinUWP\WinUWP.csproj", "{D6A23109-68A4-4EB5-BE29-61A09169D219}"
EndProject
Global
	GlobalSection(SolutionConfigurationPlatforms) = preSolution
		Debug|Any CPU = Debug|Any CPU
		Debug|arm64 = Debug|arm64
		Debug|x64 = Debug|x64
		Debug|x86 = Debug|x86
		Release|Any CPU = Release|Any CPU
		Release|arm64 = Release|arm64
		Release|x64 = Release|x64
		Release|x86 = Release|x86
	EndGlobalSection
	GlobalSection(ProjectConfigurationPlatforms) = postSolution
		{51569506-8305-427B-B37A-5D5293D0A8F0}.Debug|Any CPU.ActiveCfg = Debug|Any CPU
		{51569506-8305-427B-B37A-5D5293D0A8F0}.Debug|Any CPU.Build.0 = Debug|Any CPU
		{51569506-8305-427B-B37A-5D5293D0A8F0}.Debug|arm64.ActiveCfg = Debug|Any CPU
		{51569506-8305-427B-B37A-5D5293D0A8F0}.Debug|arm64.Build.0 = Debug|Any CPU
		{51569506-8305-427B-B37A-5D5293D0A8F0}.Debug|x64.ActiveCfg = Debug|Any CPU
		{51569506-8305-427B-B37A-5D5293D0A8F0}.Debug|x64.Build.0 = Debug|Any CPU
		{51569506-8305-427B-B37A-5D5293D0A8F0}.Debug|x86.ActiveCfg = Debug|Any CPU
		{51569506-8305-427B-B37A-5D5293D0A8F0}.Debug|x86.Build.0 = Debug|Any CPU
		{51569506-8305-427B-B37A-5D5293D0A8F0}.Release|Any CPU.ActiveCfg = Release|Any CPU
		{51569506-8305-427B-B37A-5D5293D0A8F0}.Release|Any CPU.Build.0 = Release|Any CPU
		{51569506-8305-427B-B37A-5D5293D0A8F0}.Release|arm64.ActiveCfg = Release|Any CPU
		{51569506-8305-427B-B37A-5D5293D0A8F0}.Release|arm64.Build.0 = Release|Any CPU
		{51569506-8305-427B-B37A-5D5293D0A8F0}.Release|x64.ActiveCfg = Release|Any CPU
		{51569506-8305-427B-B37A-5D5293D0A8F0}.Release|x64.Build.0 = Release|Any CPU
		{51569506-8305-427B-B37A-5D5293D0A8F0}.Release|x86.ActiveCfg = Release|Any CPU
		{51569506-8305-427B-B37A-5D5293D0A8F0}.Release|x86.Build.0 = Release|Any CPU
		{167F28FE-2BC3-4E8F-80C6-3D06C674E9D5}.Debug|Any CPU.ActiveCfg = Debug|Any CPU
		{167F28FE-2BC3-4E8F-80C6-3D06C674E9D5}.Debug|Any CPU.Build.0 = Debug|Any CPU
		{167F28FE-2BC3-4E8F-80C6-3D06C674E9D5}.Debug|arm64.ActiveCfg = Debug|Any CPU
		{167F28FE-2BC3-4E8F-80C6-3D06C674E9D5}.Debug|arm64.Build.0 = Debug|Any CPU
		{167F28FE-2BC3-4E8F-80C6-3D06C674E9D5}.Debug|x64.ActiveCfg = Debug|Any CPU
		{167F28FE-2BC3-4E8F-80C6-3D06C674E9D5}.Debug|x64.Build.0 = Debug|Any CPU
		{167F28FE-2BC3-4E8F-80C6-3D06C674E9D5}.Debug|x86.ActiveCfg = Debug|Any CPU
		{167F28FE-2BC3-4E8F-80C6-3D06C674E9D5}.Debug|x86.Build.0 = Debug|Any CPU
		{167F28FE-2BC3-4E8F-80C6-3D06C674E9D5}.Release|Any CPU.ActiveCfg = Release|Any CPU
		{167F28FE-2BC3-4E8F-80C6-3D06C674E9D5}.Release|Any CPU.Build.0 = Release|Any CPU
		{167F28FE-2BC3-4E8F-80C6-3D06C674E9D5}.Release|arm64.ActiveCfg = Release|Any CPU
		{167F28FE-2BC3-4E8F-80C6-3D06C674E9D5}.Release|arm64.Build.0 = Release|Any CPU
		{167F28FE-2BC3-4E8F-80C6-3D06C674E9D5}.Release|x64.ActiveCfg = Release|Any CPU
		{167F28FE-2BC3-4E8F-80C6-3D06C674E9D5}.Release|x64.Build.0 = Release|Any CPU
		{167F28FE-2BC3-4E8F-80C6-3D06C674E9D5}.Release|x86.ActiveCfg = Release|Any CPU
		{167F28FE-2BC3-4E8F-80C6-3D06C674E9D5}.Release|x86.Build.0 = Release|Any CPU
		{D1D37F1B-6A95-457F-A6EC-8980C4A91D0B}.Debug|Any CPU.ActiveCfg = Debug|Any CPU
		{D1D37F1B-6A95-457F-A6EC-8980C4A91D0B}.Debug|Any CPU.Build.0 = Debug|Any CPU
		{D1D37F1B-6A95-457F-A6EC-8980C4A91D0B}.Debug|arm64.ActiveCfg = Debug|Any CPU
		{D1D37F1B-6A95-457F-A6EC-8980C4A91D0B}.Debug|arm64.Build.0 = Debug|Any CPU
		{D1D37F1B-6A95-457F-A6EC-8980C4A91D0B}.Debug|x64.ActiveCfg = Debug|Any CPU
		{D1D37F1B-6A95-457F-A6EC-8980C4A91D0B}.Debug|x64.Build.0 = Debug|Any CPU
		{D1D37F1B-6A95-457F-A6EC-8980C4A91D0B}.Debug|x86.ActiveCfg = Debug|Any CPU
		{D1D37F1B-6A95-457F-A6EC-8980C4A91D0B}.Debug|x86.Build.0 = Debug|Any CPU
		{D1D37F1B-6A95-457F-A6EC-8980C4A91D0B}.Release|Any CPU.ActiveCfg = Release|Any CPU
		{D1D37F1B-6A95-457F-A6EC-8980C4A91D0B}.Release|Any CPU.Build.0 = Release|Any CPU
		{D1D37F1B-6A95-457F-A6EC-8980C4A91D0B}.Release|arm64.ActiveCfg = Release|Any CPU
		{D1D37F1B-6A95-457F-A6EC-8980C4A91D0B}.Release|arm64.Build.0 = Release|Any CPU
		{D1D37F1B-6A95-457F-A6EC-8980C4A91D0B}.Release|x64.ActiveCfg = Release|Any CPU
		{D1D37F1B-6A95-457F-A6EC-8980C4A91D0B}.Release|x64.Build.0 = Release|Any CPU
		{D1D37F1B-6A95-457F-A6EC-8980C4A91D0B}.Release|x86.ActiveCfg = Release|Any CPU
		{D1D37F1B-6A95-457F-A6EC-8980C4A91D0B}.Release|x86.Build.0 = Release|Any CPU
		{9A9EE5C1-E20D-4AFF-A7EA-16CEBA85E33B}.Debug|Any CPU.ActiveCfg = Debug|Any CPU
		{9A9EE5C1-E20D-4AFF-A7EA-16CEBA85E33B}.Debug|Any CPU.Build.0 = Debug|Any CPU
		{9A9EE5C1-E20D-4AFF-A7EA-16CEBA85E33B}.Debug|arm64.ActiveCfg = Debug|Any CPU
		{9A9EE5C1-E20D-4AFF-A7EA-16CEBA85E33B}.Debug|arm64.Build.0 = Debug|Any CPU
		{9A9EE5C1-E20D-4AFF-A7EA-16CEBA85E33B}.Debug|x64.ActiveCfg = Debug|Any CPU
		{9A9EE5C1-E20D-4AFF-A7EA-16CEBA85E33B}.Debug|x64.Build.0 = Debug|Any CPU
		{9A9EE5C1-E20D-4AFF-A7EA-16CEBA85E33B}.Debug|x86.ActiveCfg = Debug|Any CPU
		{9A9EE5C1-E20D-4AFF-A7EA-16CEBA85E33B}.Debug|x86.Build.0 = Debug|Any CPU
		{9A9EE5C1-E20D-4AFF-A7EA-16CEBA85E33B}.Release|Any CPU.ActiveCfg = Release|Any CPU
		{9A9EE5C1-E20D-4AFF-A7EA-16CEBA85E33B}.Release|Any CPU.Build.0 = Release|Any CPU
		{9A9EE5C1-E20D-4AFF-A7EA-16CEBA85E33B}.Release|arm64.ActiveCfg = Release|Any CPU
		{9A9EE5C1-E20D-4AFF-A7EA-16CEBA85E33B}.Release|arm64.Build.0 = Release|Any CPU
		{9A9EE5C1-E20D-4AFF-A7EA-16CEBA85E33B}.Release|x64.ActiveCfg = Release|Any CPU
		{9A9EE5C1-E20D-4AFF-A7EA-16CEBA85E33B}.Release|x64.Build.0 = Release|Any CPU
		{9A9EE5C1-E20D-4AFF-A7EA-16CEBA85E33B}.Release|x86.ActiveCfg = Release|Any CPU
		{9A9EE5C1-E20D-4AFF-A7EA-16CEBA85E33B}.Release|x86.Build.0 = Release|Any CPU
		{D6A23109-68A4-4EB5-BE29-61A09169D219}.Debug|Any CPU.ActiveCfg = Debug|x86
		{D6A23109-68A4-4EB5-BE29-61A09169D219}.Debug|arm64.ActiveCfg = Debug|arm64
		{D6A23109-68A4-4EB5-BE29-61A09169D219}.Debug|arm64.Build.0 = Debug|arm64
		{D6A23109-68A4-4EB5-BE29-61A09169D219}.Debug|arm64.Deploy.0 = Debug|arm64
		{D6A23109-68A4-4EB5-BE29-61A09169D219}.Debug|x64.ActiveCfg = Debug|x64
		{D6A23109-68A4-4EB5-BE29-61A09169D219}.Debug|x64.Build.0 = Debug|x64
		{D6A23109-68A4-4EB5-BE29-61A09169D219}.Debug|x64.Deploy.0 = Debug|x64
		{D6A23109-68A4-4EB5-BE29-61A09169D219}.Debug|x86.ActiveCfg = Debug|x86
		{D6A23109-68A4-4EB5-BE29-61A09169D219}.Debug|x86.Build.0 = Debug|x86
		{D6A23109-68A4-4EB5-BE29-61A09169D219}.Debug|x86.Deploy.0 = Debug|x86
		{D6A23109-68A4-4EB5-BE29-61A09169D219}.Release|Any CPU.ActiveCfg = Release|x86
		{D6A23109-68A4-4EB5-BE29-61A09169D219}.Release|arm64.ActiveCfg = Release|arm64
		{D6A23109-68A4-4EB5-BE29-61A09169D219}.Release|arm64.Build.0 = Release|arm64
		{D6A23109-68A4-4EB5-BE29-61A09169D219}.Release|arm64.Deploy.0 = Release|arm64
		{D6A23109-68A4-4EB5-BE29-61A09169D219}.Release|x64.ActiveCfg = Release|x64
		{D6A23109-68A4-4EB5-BE29-61A09169D219}.Release|x64.Build.0 = Release|x64
		{D6A23109-68A4-4EB5-BE29-61A09169D219}.Release|x64.Deploy.0 = Release|x64
		{D6A23109-68A4-4EB5-BE29-61A09169D219}.Release|x86.ActiveCfg = Release|x86
		{D6A23109-68A4-4EB5-BE29-61A09169D219}.Release|x86.Build.0 = Release|x86
		{D6A23109-68A4-4EB5-BE29-61A09169D219}.Release|x86.Deploy.0 = Release|x86
	EndGlobalSection
	GlobalSection(SolutionProperties) = preSolution
		HideSolutionNode = FALSE
	EndGlobalSection
	GlobalSection(NestedProjects) = preSolution
		{51569506-8305-427B-B37A-5D5293D0A8F0} = {10FB931C-8117-4353-A67C-E30E99015A57}
		{167F28FE-2BC3-4E8F-80C6-3D06C674E9D5} = {10FB931C-8117-4353-A67C-E30E99015A57}
		{D1D37F1B-6A95-457F-A6EC-8980C4A91D0B} = {661D5A12-87BA-4070-93B4-CEA82E482A0D}
		{9A9EE5C1-E20D-4AFF-A7EA-16CEBA85E33B} = {661D5A12-87BA-4070-93B4-CEA82E482A0D}
		{D6A23109-68A4-4EB5-BE29-61A09169D219} = {1B2A2EC8-A5C8-43A0-960C-9F2C730AE8FB}
	EndGlobalSection
	GlobalSection(ExtensibilityGlobals) = postSolution
		SolutionGuid = {726A52D9-9E3D-4118-99AF-E6901C327842}
	EndGlobalSection
EndGlobal
