
Microsoft Visual Studio Solution File, Format Version 12.00
# Visual Studio Version 17
VisualStudioVersion = 17.9.34329.44
MinimumVisualStudioVersion = 10.0.40219.1
Project("{9A19103F-16F7-4668-BE54-9A1E7A4F7556}") = "MauiApp6", "MauiApp6\MauiApp6.csproj", "{330A8C38-5E9D-4001-9504-E739F4A6CC8E}"
EndProject
Project("{9A19103F-16F7-4668-BE54-9A1E7A4F7556}") = "MauiLib1", "MauiLib1\MauiLib1.csproj", "{6FCA0E76-4F75-4488-89E2-E456B4A53707}"
EndProject
Global
	GlobalSection(SolutionConfigurationPlatforms) = preSolution
		Debug|Any CPU = Debug|Any CPU
		Release|Any CPU = Release|Any CPU
	EndGlobalSection
	GlobalSection(ProjectConfigurationPlatforms) = postSolution
		{330A8C38-5E9D-4001-9504-E739F4A6CC8E}.Debug|Any CPU.ActiveCfg = Debug|Any CPU
		{330A8C38-5E9D-4001-9504-E739F4A6CC8E}.Debug|Any CPU.Build.0 = Debug|Any CPU
		{330A8C38-5E9D-4001-9504-E739F4A6CC8E}.Debug|Any CPU.Deploy.0 = Debug|Any CPU
		{330A8C38-5E9D-4001-9504-E739F4A6CC8E}.Release|Any CPU.ActiveCfg = Release|Any CPU
		{330A8C38-5E9D-4001-9504-E739F4A6CC8E}.Release|Any CPU.Build.0 = Release|Any CPU
		{330A8C38-5E9D-4001-9504-E739F4A6CC8E}.Release|Any CPU.Deploy.0 = Release|Any CPU
		{6FCA0E76-4F75-4488-89E2-E456B4A53707}.Debug|Any CPU.ActiveCfg = Debug|Any CPU
		{6FCA0E76-4F75-4488-89E2-E456B4A53707}.Debug|Any CPU.Build.0 = Debug|Any CPU
		{6FCA0E76-4F75-4488-89E2-E456B4A53707}.Release|Any CPU.ActiveCfg = Release|Any CPU
		{6FCA0E76-4F75-4488-89E2-E456B4A53707}.Release|Any CPU.Build.0 = Release|Any CPU
	EndGlobalSection
	GlobalSection(SolutionProperties) = preSolution
		HideSolutionNode = FALSE
	EndGlobalSection
	GlobalSection(ExtensibilityGlobals) = postSolution
		SolutionGuid = {9B49FCCD-B0E5-4715-B832-F7F554730F9A}
	EndGlobalSection
EndGlobal
